<?xml version="1.0" encoding="utf-8"?>
<Project ToolsVersion="4.0" xmlns="http://schemas.microsoft.com/developer/msbuild/2003">
  <ItemGroup>
    <Filter Include="Source">
      <UniqueIdentifier>{7f79b355-d9d9-42bf-b2e1-f05b246646c2}</UniqueIdentifier>
    </Filter>
    <Filter Include="Source\Types">
      <UniqueIdentifier>{92cd9207-5ad3-45ce-9ce1-459cc96246c5}</UniqueIdentifier>
    </Filter>
  </ItemGroup>
  <ItemGroup>
    <ClInclude Include="Source\Types\CoreTypes.h">
      <Filter>Source\Types</Filter>
    </ClInclude>
  </ItemGroup>
</Project>